
Microsoft Visual Studio Solution File, Format Version 12.00
# Visual Studio Version 17
VisualStudioVersion = 17.4.33205.214
MinimumVisualStudioVersion = 10.0.40219.1
Project("{FAE04EC0-301F-11D3-BF4B-00C04F79EFBC}") = "Assignment5_NikitaBoborenko", "Assignment5_NikitaBoborenko\Assignment5_NikitaBoborenko.csproj", "{9660993D-A330-4F18-BA27-324A0645F7CF}"
EndProject
Global
	GlobalSection(SolutionConfigurationPlatforms) = preSolution
		Debug|Any CPU = Debug|Any CPU
		Release|Any CPU = Release|Any CPU
	EndGlobalSection
	GlobalSection(ProjectConfigurationPlatforms) = postSolution
		{9660993D-A330-4F18-BA27-324A0645F7CF}.Debug|Any CPU.ActiveCfg = Debug|Any CPU
		{9660993D-A330-4F18-BA27-324A0645F7CF}.Debug|Any CPU.Build.0 = Debug|Any CPU
		{9660993D-A330-4F18-BA27-324A0645F7CF}.Release|Any CPU.ActiveCfg = Release|Any CPU
		{9660993D-A330-4F18-BA27-324A0645F7CF}.Release|Any CPU.Build.0 = Release|Any CPU
	EndGlobalSection
	GlobalSection(SolutionProperties) = preSolution
		HideSolutionNode = FALSE
	EndGlobalSection
	GlobalSection(ExtensibilityGlobals) = postSolution
		SolutionGuid = {676AF67D-EA22-4AFE-A6CE-6D0DCCC357C9}
	EndGlobalSection
EndGlobal
